
Microsoft Visual Studio Solution File, Format Version 12.00
# Visual Studio Version 17
VisualStudioVersion = 17.5.33627.172
MinimumVisualStudioVersion = 10.0.40219.1
Project("{9A19103F-16F7-4668-BE54-9A1E7A4F7556}") = "LaunchCamPlus", "LaunchCamPlus\LaunchCamPlus.csproj", "{CA154C82-F0B2-425D-BF92-65B13E6DA1F6}"
EndProject
Project("{9A19103F-16F7-4668-BE54-9A1E7A4F7556}") = "Hack.io", "..\Hack.io\Hack.io\Hack.io.csproj", "{BF08BDAE-553B-4442-ACE0-9FF6FAAD8621}"
EndProject
Project("{9A19103F-16F7-4668-BE54-9A1E7A4F7556}") = "Hack.io.RARC", "..\Hack.io\Hack.io.RARC\Hack.io.RARC.csproj", "{4FC6DD3F-4B2D-4575-9E85-65C8E9F6C382}"
EndProject
Project("{9A19103F-16F7-4668-BE54-9A1E7A4F7556}") = "Hack.io.BCSV", "..\Hack.io\Hack.io.BCSV\Hack.io.BCSV.csproj", "{0C576102-2BA0-40F4-B6CD-3D7D8B863F1E}"
EndProject
Project("{9A19103F-16F7-4668-BE54-9A1E7A4F7556}") = "Hack.io.YAZ0", "..\Hack.io\Hack.io.YAZ0\Hack.io.YAZ0.csproj", "{348AE893-74C2-41BC-A492-EE908F051AA4}"
EndProject
Project("{9A19103F-16F7-4668-BE54-9A1E7A4F7556}") = "Hack.io.CANM", "..\Hack.io\Hack.io.CANM\Hack.io.CANM.csproj", "{84A617C2-FDFD-462A-923A-38A78A3644D3}"
EndProject
Global
	GlobalSection(SolutionConfigurationPlatforms) = preSolution
		Debug|Any CPU = Debug|Any CPU
		Release|Any CPU = Release|Any CPU
	EndGlobalSection
	GlobalSection(ProjectConfigurationPlatforms) = postSolution
		{CA154C82-F0B2-425D-BF92-65B13E6DA1F6}.Debug|Any CPU.ActiveCfg = Debug|Any CPU
		{CA154C82-F0B2-425D-BF92-65B13E6DA1F6}.Debug|Any CPU.Build.0 = Debug|Any CPU
		{CA154C82-F0B2-425D-BF92-65B13E6DA1F6}.Release|Any CPU.ActiveCfg = Release|Any CPU
		{CA154C82-F0B2-425D-BF92-65B13E6DA1F6}.Release|Any CPU.Build.0 = Release|Any CPU
		{BF08BDAE-553B-4442-ACE0-9FF6FAAD8621}.Debug|Any CPU.ActiveCfg = Debug|Any CPU
		{BF08BDAE-553B-4442-ACE0-9FF6FAAD8621}.Debug|Any CPU.Build.0 = Debug|Any CPU
		{BF08BDAE-553B-4442-ACE0-9FF6FAAD8621}.Release|Any CPU.ActiveCfg = Release|Any CPU
		{BF08BDAE-553B-4442-ACE0-9FF6FAAD8621}.Release|Any CPU.Build.0 = Release|Any CPU
		{4FC6DD3F-4B2D-4575-9E85-65C8E9F6C382}.Debug|Any CPU.ActiveCfg = Debug|Any CPU
		{4FC6DD3F-4B2D-4575-9E85-65C8E9F6C382}.Debug|Any CPU.Build.0 = Debug|Any CPU
		{4FC6DD3F-4B2D-4575-9E85-65C8E9F6C382}.Release|Any CPU.ActiveCfg = Release|Any CPU
		{4FC6DD3F-4B2D-4575-9E85-65C8E9F6C382}.Release|Any CPU.Build.0 = Release|Any CPU
		{0C576102-2BA0-40F4-B6CD-3D7D8B863F1E}.Debug|Any CPU.ActiveCfg = Debug|Any CPU
		{0C576102-2BA0-40F4-B6CD-3D7D8B863F1E}.Debug|Any CPU.Build.0 = Debug|Any CPU
		{0C576102-2BA0-40F4-B6CD-3D7D8B863F1E}.Release|Any CPU.ActiveCfg = Release|Any CPU
		{0C576102-2BA0-40F4-B6CD-3D7D8B863F1E}.Release|Any CPU.Build.0 = Release|Any CPU
		{348AE893-74C2-41BC-A492-EE908F051AA4}.Debug|Any CPU.ActiveCfg = Debug|Any CPU
		{348AE893-74C2-41BC-A492-EE908F051AA4}.Debug|Any CPU.Build.0 = Debug|Any CPU
		{348AE893-74C2-41BC-A492-EE908F051AA4}.Release|Any CPU.ActiveCfg = Release|Any CPU
		{348AE893-74C2-41BC-A492-EE908F051AA4}.Release|Any CPU.Build.0 = Release|Any CPU
		{84A617C2-FDFD-462A-923A-38A78A3644D3}.Debug|Any CPU.ActiveCfg = Debug|Any CPU
		{84A617C2-FDFD-462A-923A-38A78A3644D3}.Debug|Any CPU.Build.0 = Debug|Any CPU
		{84A617C2-FDFD-462A-923A-38A78A3644D3}.Release|Any CPU.ActiveCfg = Release|Any CPU
		{84A617C2-FDFD-462A-923A-38A78A3644D3}.Release|Any CPU.Build.0 = Release|Any CPU
	EndGlobalSection
	GlobalSection(SolutionProperties) = preSolution
		HideSolutionNode = FALSE
	EndGlobalSection
	GlobalSection(ExtensibilityGlobals) = postSolution
		SolutionGuid = {4C50ADFE-69CC-4EF3-A467-5D20B9A89304}
	EndGlobalSection
EndGlobal
