
Microsoft Visual Studio Solution File, Format Version 12.00
# Visual Studio 15
VisualStudioVersion = 15.0.28307.1000
MinimumVisualStudioVersion = 10.0.40219.1
Project("{FAE04EC0-301F-11D3-BF4B-00C04F79EFBC}") = "LaunchCamPlus", "LaunchCamPlus\LaunchCamPlus.csproj", "{D89BFF84-36CF-4235-8D69-EE845AA468C7}"
EndProject
Project("{FAE04EC0-301F-11D3-BF4B-00C04F79EFBC}") = "Hack.io.RARC", "..\Hack.io\Hack.io.RARC\Hack.io.RARC.csproj", "{4F4162CC-70FF-4EB9-AB34-D5FF98490C34}"
EndProject
Project("{FAE04EC0-301F-11D3-BF4B-00C04F79EFBC}") = "Hack.io.YAZ0", "..\Hack.io\Hack.io.YAZ0\Hack.io.YAZ0.csproj", "{BDDA5ADE-2D88-483D-854C-D295ED9F8089}"
EndProject
Project("{FAE04EC0-301F-11D3-BF4B-00C04F79EFBC}") = "Hack.io", "..\Hack.io\Hack.io\Hack.io.csproj", "{389F751D-DB2A-4746-B3BC-88E106C361CE}"
EndProject
Global
	GlobalSection(SolutionConfigurationPlatforms) = preSolution
		Debug|Any CPU = Debug|Any CPU
		Release|Any CPU = Release|Any CPU
	EndGlobalSection
	GlobalSection(ProjectConfigurationPlatforms) = postSolution
		{D89BFF84-36CF-4235-8D69-EE845AA468C7}.Debug|Any CPU.ActiveCfg = Debug|Any CPU
		{D89BFF84-36CF-4235-8D69-EE845AA468C7}.Debug|Any CPU.Build.0 = Debug|Any CPU
		{D89BFF84-36CF-4235-8D69-EE845AA468C7}.Release|Any CPU.ActiveCfg = Release|Any CPU
		{D89BFF84-36CF-4235-8D69-EE845AA468C7}.Release|Any CPU.Build.0 = Release|Any CPU
		{4F4162CC-70FF-4EB9-AB34-D5FF98490C34}.Debug|Any CPU.ActiveCfg = Debug|Any CPU
		{4F4162CC-70FF-4EB9-AB34-D5FF98490C34}.Debug|Any CPU.Build.0 = Debug|Any CPU
		{4F4162CC-70FF-4EB9-AB34-D5FF98490C34}.Release|Any CPU.ActiveCfg = Release|Any CPU
		{4F4162CC-70FF-4EB9-AB34-D5FF98490C34}.Release|Any CPU.Build.0 = Release|Any CPU
		{BDDA5ADE-2D88-483D-854C-D295ED9F8089}.Debug|Any CPU.ActiveCfg = Debug|Any CPU
		{BDDA5ADE-2D88-483D-854C-D295ED9F8089}.Debug|Any CPU.Build.0 = Debug|Any CPU
		{BDDA5ADE-2D88-483D-854C-D295ED9F8089}.Release|Any CPU.ActiveCfg = Release|Any CPU
		{BDDA5ADE-2D88-483D-854C-D295ED9F8089}.Release|Any CPU.Build.0 = Release|Any CPU
		{389F751D-DB2A-4746-B3BC-88E106C361CE}.Debug|Any CPU.ActiveCfg = Debug|Any CPU
		{389F751D-DB2A-4746-B3BC-88E106C361CE}.Debug|Any CPU.Build.0 = Debug|Any CPU
		{389F751D-DB2A-4746-B3BC-88E106C361CE}.Release|Any CPU.ActiveCfg = Release|Any CPU
		{389F751D-DB2A-4746-B3BC-88E106C361CE}.Release|Any CPU.Build.0 = Release|Any CPU
	EndGlobalSection
	GlobalSection(SolutionProperties) = preSolution
		HideSolutionNode = FALSE
	EndGlobalSection
	GlobalSection(ExtensibilityGlobals) = postSolution
		SolutionGuid = {CAB8576D-0247-42DB-B8B0-EBE6966E4BEA}
	EndGlobalSection
EndGlobal
